
Microsoft Visual Studio Solution File, Format Version 11.00
# Visual C# Express 2010
Project("{FAE04EC0-301F-11D3-BF4B-00C04F79EFBC}") = "dynamic-biomass-fuels", "dynamic-biomass-fuels.csproj", "{FF28914C-B35E-4DA2-812A-9F9E98A04DBE}"
EndProject
Global
	GlobalSection(SolutionConfigurationPlatforms) = preSolution
		Debug|Any CPU = Debug|Any CPU
		Release|Any CPU = Release|Any CPU
	EndGlobalSection
	GlobalSection(ProjectConfigurationPlatforms) = postSolution
		{FF28914C-B35E-4DA2-812A-9F9E98A04DBE}.Debug|Any CPU.ActiveCfg = Debug|Any CPU
		{FF28914C-B35E-4DA2-812A-9F9E98A04DBE}.Debug|Any CPU.Build.0 = Debug|Any CPU
		{FF28914C-B35E-4DA2-812A-9F9E98A04DBE}.Release|Any CPU.ActiveCfg = Release|Any CPU
		{FF28914C-B35E-4DA2-812A-9F9E98A04DBE}.Release|Any CPU.Build.0 = Release|Any CPU
	EndGlobalSection
	GlobalSection(SolutionProperties) = preSolution
		HideSolutionNode = FALSE
	EndGlobalSection
EndGlobal
